
Microsoft Visual Studio Solution File, Format Version 12.00
# Visual Studio Version 17
VisualStudioVersion = 17.8.34309.116
MinimumVisualStudioVersion = 10.0.40219.1
Project("{FAE04EC0-301F-11D3-BF4B-00C04F79EFBC}") = "DPGI_Martyntchuk_Anastasiya", "DPGI_Martyntchuk_Anastasiya\DPGI_Martyntchuk_Anastasiya.csproj", "{BACFFA46-B69A-4222-81FC-E36D89ACD6E5}"
EndProject
Global
	GlobalSection(SolutionConfigurationPlatforms) = preSolution
		Debug|Any CPU = Debug|Any CPU
		Release|Any CPU = Release|Any CPU
	EndGlobalSection
	GlobalSection(ProjectConfigurationPlatforms) = postSolution
		{BACFFA46-B69A-4222-81FC-E36D89ACD6E5}.Debug|Any CPU.ActiveCfg = Debug|Any CPU
		{BACFFA46-B69A-4222-81FC-E36D89ACD6E5}.Debug|Any CPU.Build.0 = Debug|Any CPU
		{BACFFA46-B69A-4222-81FC-E36D89ACD6E5}.Release|Any CPU.ActiveCfg = Release|Any CPU
		{BACFFA46-B69A-4222-81FC-E36D89ACD6E5}.Release|Any CPU.Build.0 = Release|Any CPU
	EndGlobalSection
	GlobalSection(SolutionProperties) = preSolution
		HideSolutionNode = FALSE
	EndGlobalSection
	GlobalSection(ExtensibilityGlobals) = postSolution
		SolutionGuid = {2F7B58BB-A1E5-4098-BA66-F6B3EF65FDF0}
	EndGlobalSection
EndGlobal
